
Microsoft Visual Studio Solution File, Format Version 12.00
# Visual Studio Version 16
VisualStudioVersion = 16.0.28803.452
MinimumVisualStudioVersion = 10.0.40219.1
Project("{FAE04EC0-301F-11D3-BF4B-00C04F79EFBC}") = "Endpoint Manager", "Endpoint Manager\Endpoint Manager.csproj", "{1ADBC08D-F725-4B6D-8C54-E195608B92DE}"
EndProject
Global
	GlobalSection(SolutionConfigurationPlatforms) = preSolution
		Debug|Any CPU = Debug|Any CPU
		Release|Any CPU = Release|Any CPU
	EndGlobalSection
	GlobalSection(ProjectConfigurationPlatforms) = postSolution
		{1ADBC08D-F725-4B6D-8C54-E195608B92DE}.Debug|Any CPU.ActiveCfg = Debug|Any CPU
		{1ADBC08D-F725-4B6D-8C54-E195608B92DE}.Debug|Any CPU.Build.0 = Debug|Any CPU
		{1ADBC08D-F725-4B6D-8C54-E195608B92DE}.Release|Any CPU.ActiveCfg = Release|Any CPU
		{1ADBC08D-F725-4B6D-8C54-E195608B92DE}.Release|Any CPU.Build.0 = Release|Any CPU
	EndGlobalSection
	GlobalSection(SolutionProperties) = preSolution
		HideSolutionNode = FALSE
	EndGlobalSection
	GlobalSection(ExtensibilityGlobals) = postSolution
		SolutionGuid = {9F109B67-C95C-4D50-A8AC-C326AC9B78E1}
	EndGlobalSection
EndGlobal
